
Microsoft Visual Studio Solution File, Format Version 12.00
# Visual Studio Version 16
VisualStudioVersion = 16.0.30323.103
MinimumVisualStudioVersion = 10.0.40219.1
Project("{FAE04EC0-301F-11D3-BF4B-00C04F79EFBC}") = "Source.SimpleCycle", "Source.SimpleCycle.csproj", "{A7545CBF-E39B-43AF-87DF-8EACA7BCB4B7}"
EndProject
Global
	GlobalSection(SolutionConfigurationPlatforms) = preSolution
		Debug|Any CPU = Debug|Any CPU
		Release|Any CPU = Release|Any CPU
	EndGlobalSection
	GlobalSection(ProjectConfigurationPlatforms) = postSolution
		{A7545CBF-E39B-43AF-87DF-8EACA7BCB4B7}.Debug|Any CPU.ActiveCfg = Debug|Any CPU
		{A7545CBF-E39B-43AF-87DF-8EACA7BCB4B7}.Debug|Any CPU.Build.0 = Debug|Any CPU
		{A7545CBF-E39B-43AF-87DF-8EACA7BCB4B7}.Release|Any CPU.ActiveCfg = Release|Any CPU
		{A7545CBF-E39B-43AF-87DF-8EACA7BCB4B7}.Release|Any CPU.Build.0 = Release|Any CPU
	EndGlobalSection
	GlobalSection(SolutionProperties) = preSolution
		HideSolutionNode = FALSE
	EndGlobalSection
	GlobalSection(ExtensibilityGlobals) = postSolution
		SolutionGuid = {018AB79F-3670-4DC2-B935-206F4FBE0060}
	EndGlobalSection
EndGlobal
